
Microsoft Visual Studio Solution File, Format Version 12.00
# Visual Studio 15
VisualStudioVersion = 15.0.28307.421
MinimumVisualStudioVersion = 10.0.40219.1
Project("{FAE04EC0-301F-11D3-BF4B-00C04F79EFBC}") = "WindowsFormsApp1", "WindowsFormsApp1\WindowsFormsApp1.csproj", "{FCB52C63-C299-4884-B6BF-6F72D81AFD58}"
EndProject
Global
	GlobalSection(SolutionConfigurationPlatforms) = preSolution
		Debug|Any CPU = Debug|Any CPU
		Release|Any CPU = Release|Any CPU
	EndGlobalSection
	GlobalSection(ProjectConfigurationPlatforms) = postSolution
		{FCB52C63-C299-4884-B6BF-6F72D81AFD58}.Debug|Any CPU.ActiveCfg = Debug|Any CPU
		{FCB52C63-C299-4884-B6BF-6F72D81AFD58}.Debug|Any CPU.Build.0 = Debug|Any CPU
		{FCB52C63-C299-4884-B6BF-6F72D81AFD58}.Release|Any CPU.ActiveCfg = Release|Any CPU
		{FCB52C63-C299-4884-B6BF-6F72D81AFD58}.Release|Any CPU.Build.0 = Release|Any CPU
	EndGlobalSection
	GlobalSection(SolutionProperties) = preSolution
		HideSolutionNode = FALSE
	EndGlobalSection
	GlobalSection(ExtensibilityGlobals) = postSolution
		SolutionGuid = {AEBF971A-B02E-4210-B94E-D2C97AC52BCF}
	EndGlobalSection
EndGlobal
